// !$*UTF8*$!
{
	archiveVersion = 1;
	classes = {
	};
	objectVersion = 56;
	objects = {

/* Begin PBXBuildFile section */
		B73B2EB529861FC200B81EFD /* UIViewController+ex.swift in Sources */ = {isa = PBXBuildFile; fileRef = B73B2EB429861FC200B81EFD /* UIViewController+ex.swift */; };
		B73B2EC4298657FF00B81EFD /* Settings.bundle in Resources */ = {isa = PBXBuildFile; fileRef = B73B2EC3298657FF00B81EFD /* Settings.bundle */; };
		B73B2EDE2989357B00B81EFD /* rhythmScore.xcdatamodeld in Sources */ = {isa = PBXBuildFile; fileRef = B73B2EDC2989356D00B81EFD /* rhythmScore.xcdatamodeld */; };
		B73B2EE0298939DC00B81EFD /* CoreDataRepogitory.swift in Sources */ = {isa = PBXBuildFile; fileRef = B73B2EDF298939DC00B81EFD /* CoreDataRepogitory.swift */; };
		B73B2EF02989845200B81EFD /* GameEntity+CoreDataClass.swift in Sources */ = {isa = PBXBuildFile; fileRef = B73B2EEE2989845200B81EFD /* GameEntity+CoreDataClass.swift */; };
		B73B2EF12989845200B81EFD /* GameEntity+CoreDataProperties.swift in Sources */ = {isa = PBXBuildFile; fileRef = B73B2EEF2989845200B81EFD /* GameEntity+CoreDataProperties.swift */; };
		B73B2EF32989857300B81EFD /* UIColor+ex.swift in Sources */ = {isa = PBXBuildFile; fileRef = B73B2EF22989857300B81EFD /* UIColor+ex.swift */; };
		B73B2EF6298EE55900B81EFD /* GameListViewModel.swift in Sources */ = {isa = PBXBuildFile; fileRef = B73B2EF5298EE55900B81EFD /* GameListViewModel.swift */; };
		B78C352829731FAB000AEDD2 /* GameListCell.swift in Sources */ = {isa = PBXBuildFile; fileRef = B78C352729731FAB000AEDD2 /* GameListCell.swift */; };
		B78C352F297321DF000AEDD2 /* GameListCell.xib in Resources */ = {isa = PBXBuildFile; fileRef = B78C352E297321DF000AEDD2 /* GameListCell.xib */; };
		B78C3532297ABC9D000AEDD2 /* game.json in Resources */ = {isa = PBXBuildFile; fileRef = B78C3531297ABC9D000AEDD2 /* game.json */; };
		B7D93B3F29728DDA0016F7E8 /* AppDelegate.swift in Sources */ = {isa = PBXBuildFile; fileRef = B7D93B3E29728DDA0016F7E8 /* AppDelegate.swift */; };
		B7D93B4129728DDA0016F7E8 /* SceneDelegate.swift in Sources */ = {isa = PBXBuildFile; fileRef = B7D93B4029728DDA0016F7E8 /* SceneDelegate.swift */; };
		B7D93B4329728DDA0016F7E8 /* GameListViewController.swift in Sources */ = {isa = PBXBuildFile; fileRef = B7D93B4229728DDA0016F7E8 /* GameListViewController.swift */; };
		B7D93B4629728DDA0016F7E8 /* GameList.storyboard in Resources */ = {isa = PBXBuildFile; fileRef = B7D93B4429728DDA0016F7E8 /* GameList.storyboard */; };
		B7D93B4B29728DDB0016F7E8 /* Assets.xcassets in Resources */ = {isa = PBXBuildFile; fileRef = B7D93B4A29728DDB0016F7E8 /* Assets.xcassets */; };
		B7D93B4E29728DDB0016F7E8 /* LaunchScreen.storyboard in Resources */ = {isa = PBXBuildFile; fileRef = B7D93B4C29728DDB0016F7E8 /* LaunchScreen.storyboard */; };
		B7D93B5929728DDC0016F7E8 /* rhythmScoreTests.swift in Sources */ = {isa = PBXBuildFile; fileRef = B7D93B5829728DDC0016F7E8 /* rhythmScoreTests.swift */; };
		B7D93B6329728DDC0016F7E8 /* rhythmScoreUITests.swift in Sources */ = {isa = PBXBuildFile; fileRef = B7D93B6229728DDC0016F7E8 /* rhythmScoreUITests.swift */; };
		B7D93B6529728DDC0016F7E8 /* rhythmScoreUITestsLaunchTests.swift in Sources */ = {isa = PBXBuildFile; fileRef = B7D93B6429728DDC0016F7E8 /* rhythmScoreUITestsLaunchTests.swift */; };
		B7D93B722972C3B20016F7E8 /* GameListModel.swift in Sources */ = {isa = PBXBuildFile; fileRef = B7D93B712972C3B20016F7E8 /* GameListModel.swift */; };
		B7D93B762972CC300016F7E8 /* Constant.swift in Sources */ = {isa = PBXBuildFile; fileRef = B7D93B752972CC300016F7E8 /* Constant.swift */; };
		B7D93B8029730A120016F7E8 /* RswiftLibrary in Frameworks */ = {isa = PBXBuildFile; productRef = B7D93B7F29730A120016F7E8 /* RswiftLibrary */; };
/* End PBXBuildFile section */

/* Begin PBXContainerItemProxy section */
		B7D93B5529728DDC0016F7E8 /* PBXContainerItemProxy */ = {
			isa = PBXContainerItemProxy;
			containerPortal = B7D93B3329728DDA0016F7E8 /* Project object */;
			proxyType = 1;
			remoteGlobalIDString = B7D93B3A29728DDA0016F7E8;
			remoteInfo = rhythmScore;
		};
		B7D93B5F29728DDC0016F7E8 /* PBXContainerItemProxy */ = {
			isa = PBXContainerItemProxy;
			containerPortal = B7D93B3329728DDA0016F7E8 /* Project object */;
			proxyType = 1;
			remoteGlobalIDString = B7D93B3A29728DDA0016F7E8;
			remoteInfo = rhythmScore;
		};
/* End PBXContainerItemProxy section */

/* Begin PBXFileReference section */
		B73B2EB429861FC200B81EFD /* UIViewController+ex.swift */ = {isa = PBXFileReference; lastKnownFileType = sourcecode.swift; path = "UIViewController+ex.swift"; sourceTree = "<group>"; };
		B73B2EC3298657FF00B81EFD /* Settings.bundle */ = {isa = PBXFileReference; lastKnownFileType = "wrapper.plug-in"; path = Settings.bundle; sourceTree = "<group>"; };
		B73B2EDD2989356D00B81EFD /* rhythmScore.xcdatamodel */ = {isa = PBXFileReference; lastKnownFileType = wrapper.xcdatamodel; path = rhythmScore.xcdatamodel; sourceTree = "<group>"; };
		B73B2EDF298939DC00B81EFD /* CoreDataRepogitory.swift */ = {isa = PBXFileReference; lastKnownFileType = sourcecode.swift; path = CoreDataRepogitory.swift; sourceTree = "<group>"; };
		B73B2EEA2989836100B81EFD /* 1.0.xcdatamodel */ = {isa = PBXFileReference; lastKnownFileType = wrapper.xcdatamodel; path = 1.0.xcdatamodel; sourceTree = "<group>"; };
		B73B2EEE2989845200B81EFD /* GameEntity+CoreDataClass.swift */ = {isa = PBXFileReference; lastKnownFileType = sourcecode.swift; name = "GameEntity+CoreDataClass.swift"; path = "rhythmScore/Entity/GameEntity+CoreDataClass.swift"; sourceTree = SOURCE_ROOT; };
		B73B2EEF2989845200B81EFD /* GameEntity+CoreDataProperties.swift */ = {isa = PBXFileReference; lastKnownFileType = sourcecode.swift; name = "GameEntity+CoreDataProperties.swift"; path = "rhythmScore/Entity/GameEntity+CoreDataProperties.swift"; sourceTree = "<group>"; };
		B73B2EF22989857300B81EFD /* UIColor+ex.swift */ = {isa = PBXFileReference; lastKnownFileType = sourcecode.swift; path = "UIColor+ex.swift"; sourceTree = "<group>"; };
		B73B2EF5298EE55900B81EFD /* GameListViewModel.swift */ = {isa = PBXFileReference; lastKnownFileType = sourcecode.swift; path = GameListViewModel.swift; sourceTree = "<group>"; };
		B78C352729731FAB000AEDD2 /* GameListCell.swift */ = {isa = PBXFileReference; lastKnownFileType = sourcecode.swift; path = GameListCell.swift; sourceTree = "<group>"; };
		B78C352E297321DF000AEDD2 /* GameListCell.xib */ = {isa = PBXFileReference; lastKnownFileType = file.xib; path = GameListCell.xib; sourceTree = "<group>"; };
		B78C3531297ABC9D000AEDD2 /* game.json */ = {isa = PBXFileReference; fileEncoding = 4; lastKnownFileType = text.json; path = game.json; sourceTree = "<group>"; };
		B7D93B3B29728DDA0016F7E8 /* rhythmScore.app */ = {isa = PBXFileReference; explicitFileType = wrapper.application; includeInIndex = 0; path = rhythmScore.app; sourceTree = BUILT_PRODUCTS_DIR; };
		B7D93B3E29728DDA0016F7E8 /* AppDelegate.swift */ = {isa = PBXFileReference; lastKnownFileType = sourcecode.swift; path = AppDelegate.swift; sourceTree = "<group>"; };
		B7D93B4029728DDA0016F7E8 /* SceneDelegate.swift */ = {isa = PBXFileReference; lastKnownFileType = sourcecode.swift; path = SceneDelegate.swift; sourceTree = "<group>"; };
		B7D93B4229728DDA0016F7E8 /* GameListViewController.swift */ = {isa = PBXFileReference; lastKnownFileType = sourcecode.swift; path = GameListViewController.swift; sourceTree = "<group>"; };
		B7D93B4529728DDA0016F7E8 /* Base */ = {isa = PBXFileReference; lastKnownFileType = file.storyboard; name = Base; path = Base.lproj/GameList.storyboard; sourceTree = "<group>"; };
		B7D93B4A29728DDB0016F7E8 /* Assets.xcassets */ = {isa = PBXFileReference; lastKnownFileType = folder.assetcatalog; path = Assets.xcassets; sourceTree = "<group>"; };
		B7D93B4D29728DDB0016F7E8 /* Base */ = {isa = PBXFileReference; lastKnownFileType = file.storyboard; name = Base; path = Base.lproj/LaunchScreen.storyboard; sourceTree = "<group>"; };
		B7D93B4F29728DDB0016F7E8 /* Info.plist */ = {isa = PBXFileReference; lastKnownFileType = text.plist.xml; path = Info.plist; sourceTree = "<group>"; };
		B7D93B5429728DDC0016F7E8 /* rhythmScoreTests.xctest */ = {isa = PBXFileReference; explicitFileType = wrapper.cfbundle; includeInIndex = 0; path = rhythmScoreTests.xctest; sourceTree = BUILT_PRODUCTS_DIR; };
		B7D93B5829728DDC0016F7E8 /* rhythmScoreTests.swift */ = {isa = PBXFileReference; lastKnownFileType = sourcecode.swift; path = rhythmScoreTests.swift; sourceTree = "<group>"; };
		B7D93B5E29728DDC0016F7E8 /* rhythmScoreUITests.xctest */ = {isa = PBXFileReference; explicitFileType = wrapper.cfbundle; includeInIndex = 0; path = rhythmScoreUITests.xctest; sourceTree = BUILT_PRODUCTS_DIR; };
		B7D93B6229728DDC0016F7E8 /* rhythmScoreUITests.swift */ = {isa = PBXFileReference; lastKnownFileType = sourcecode.swift; path = rhythmScoreUITests.swift; sourceTree = "<group>"; };
		B7D93B6429728DDC0016F7E8 /* rhythmScoreUITestsLaunchTests.swift */ = {isa = PBXFileReference; lastKnownFileType = sourcecode.swift; path = rhythmScoreUITestsLaunchTests.swift; sourceTree = "<group>"; };
		B7D93B712972C3B20016F7E8 /* GameListModel.swift */ = {isa = PBXFileReference; lastKnownFileType = sourcecode.swift; path = GameListModel.swift; sourceTree = "<group>"; };
		B7D93B752972CC300016F7E8 /* Constant.swift */ = {isa = PBXFileReference; lastKnownFileType = sourcecode.swift; path = Constant.swift; sourceTree = "<group>"; };
/* End PBXFileReference section */

/* Begin PBXFrameworksBuildPhase section */
		B7D93B3829728DDA0016F7E8 /* Frameworks */ = {
			isa = PBXFrameworksBuildPhase;
			buildActionMask = 2147483647;
			files = (
				B7D93B8029730A120016F7E8 /* RswiftLibrary in Frameworks */,
			);
			runOnlyForDeploymentPostprocessing = 0;
		};
		B7D93B5129728DDB0016F7E8 /* Frameworks */ = {
			isa = PBXFrameworksBuildPhase;
			buildActionMask = 2147483647;
			files = (
			);
			runOnlyForDeploymentPostprocessing = 0;
		};
		B7D93B5B29728DDC0016F7E8 /* Frameworks */ = {
			isa = PBXFrameworksBuildPhase;
			buildActionMask = 2147483647;
			files = (
			);
			runOnlyForDeploymentPostprocessing = 0;
		};
/* End PBXFrameworksBuildPhase section */

/* Begin PBXGroup section */
		B73B2EB229861F9900B81EFD /* Extension */ = {
			isa = PBXGroup;
			children = (
				B73B2EB429861FC200B81EFD /* UIViewController+ex.swift */,
				B73B2EF22989857300B81EFD /* UIColor+ex.swift */,
			);
			path = Extension;
			sourceTree = "<group>";
		};
		B73B2EF4298EE53D00B81EFD /* ViewModel */ = {
			isa = PBXGroup;
			children = (
				B73B2EF5298EE55900B81EFD /* GameListViewModel.swift */,
			);
			path = ViewModel;
			sourceTree = "<group>";
		};
		B78C352129731CBB000AEDD2 /* Models */ = {
			isa = PBXGroup;
			children = (
				B78C352629731F01000AEDD2 /* GameList */,
				B78C352529731EF8000AEDD2 /* SongList */,
			);
			path = Models;
			sourceTree = "<group>";
		};
		B78C352229731EAE000AEDD2 /* View */ = {
			isa = PBXGroup;
			children = (
				B78C352329731EC7000AEDD2 /* GameList */,
				B78C352429731EE2000AEDD2 /* SongList */,
			);
			path = View;
			sourceTree = "<group>";
		};
		B78C352329731EC7000AEDD2 /* GameList */ = {
			isa = PBXGroup;
			children = (
				B78C352A29732031000AEDD2 /* Cell */,
				B7D93B4429728DDA0016F7E8 /* GameList.storyboard */,
				B7D93B4229728DDA0016F7E8 /* GameListViewController.swift */,
			);
			path = GameList;
			sourceTree = "<group>";
		};
		B78C352429731EE2000AEDD2 /* SongList */ = {
			isa = PBXGroup;
			children = (
			);
			path = SongList;
			sourceTree = "<group>";
		};
		B78C352529731EF8000AEDD2 /* SongList */ = {
			isa = PBXGroup;
			children = (
			);
			path = SongList;
			sourceTree = "<group>";
		};
		B78C352629731F01000AEDD2 /* GameList */ = {
			isa = PBXGroup;
			children = (
				B7D93B712972C3B20016F7E8 /* GameListModel.swift */,
			);
			path = GameList;
			sourceTree = "<group>";
		};
		B78C352A29732031000AEDD2 /* Cell */ = {
			isa = PBXGroup;
			children = (
				B78C352729731FAB000AEDD2 /* GameListCell.swift */,
				B78C352E297321DF000AEDD2 /* GameListCell.xib */,
			);
			path = Cell;
			sourceTree = "<group>";
		};
		B7D93B3229728DDA0016F7E8 = {
			isa = PBXGroup;
			children = (
				B73B2EEE2989845200B81EFD /* GameEntity+CoreDataClass.swift */,
				B73B2EEF2989845200B81EFD /* GameEntity+CoreDataProperties.swift */,
				B7D93B3D29728DDA0016F7E8 /* rhythmScore */,
				B7D93B5729728DDC0016F7E8 /* rhythmScoreTests */,
				B7D93B6129728DDC0016F7E8 /* rhythmScoreUITests */,
				B7D93B3C29728DDA0016F7E8 /* Products */,
			);
			sourceTree = "<group>";
		};
		B7D93B3C29728DDA0016F7E8 /* Products */ = {
			isa = PBXGroup;
			children = (
				B7D93B3B29728DDA0016F7E8 /* rhythmScore.app */,
				B7D93B5429728DDC0016F7E8 /* rhythmScoreTests.xctest */,
				B7D93B5E29728DDC0016F7E8 /* rhythmScoreUITests.xctest */,
			);
			name = Products;
			sourceTree = "<group>";
		};
		B7D93B3D29728DDA0016F7E8 /* rhythmScore */ = {
			isa = PBXGroup;
			children = (
				B73B2EF4298EE53D00B81EFD /* ViewModel */,
				B73B2EDC2989356D00B81EFD /* rhythmScore.xcdatamodeld */,
				B73B2EB229861F9900B81EFD /* Extension */,
				B7D93B742972CB7A0016F7E8 /* SupportingFile */,
				B7D93B732972CB4E0016F7E8 /* Resources */,
				B78C352229731EAE000AEDD2 /* View */,
				B78C352129731CBB000AEDD2 /* Models */,
				B73B2EDF298939DC00B81EFD /* CoreDataRepogitory.swift */,
			);
			path = rhythmScore;
			sourceTree = "<group>";
		};
		B7D93B5729728DDC0016F7E8 /* rhythmScoreTests */ = {
			isa = PBXGroup;
			children = (
				B7D93B5829728DDC0016F7E8 /* rhythmScoreTests.swift */,
			);
			path = rhythmScoreTests;
			sourceTree = "<group>";
		};
		B7D93B6129728DDC0016F7E8 /* rhythmScoreUITests */ = {
			isa = PBXGroup;
			children = (
				B7D93B6229728DDC0016F7E8 /* rhythmScoreUITests.swift */,
				B7D93B6429728DDC0016F7E8 /* rhythmScoreUITestsLaunchTests.swift */,
			);
			path = rhythmScoreUITests;
			sourceTree = "<group>";
		};
		B7D93B732972CB4E0016F7E8 /* Resources */ = {
			isa = PBXGroup;
			children = (
				B78C3531297ABC9D000AEDD2 /* game.json */,
				B7D93B4A29728DDB0016F7E8 /* Assets.xcassets */,
				B7D93B752972CC300016F7E8 /* Constant.swift */,
			);
			path = Resources;
			sourceTree = "<group>";
		};
		B7D93B742972CB7A0016F7E8 /* SupportingFile */ = {
			isa = PBXGroup;
			children = (
				B7D93B4029728DDA0016F7E8 /* SceneDelegate.swift */,
				B7D93B3E29728DDA0016F7E8 /* AppDelegate.swift */,
				B7D93B4C29728DDB0016F7E8 /* LaunchScreen.storyboard */,
				B7D93B4F29728DDB0016F7E8 /* Info.plist */,
				B73B2EC3298657FF00B81EFD /* Settings.bundle */,
			);
			path = SupportingFile;
			sourceTree = "<group>";
		};
/* End PBXGroup section */

/* Begin PBXNativeTarget section */
		B7D93B3A29728DDA0016F7E8 /* rhythmScore */ = {
			isa = PBXNativeTarget;
			buildConfigurationList = B7D93B6829728DDC0016F7E8 /* Build configuration list for PBXNativeTarget "rhythmScore" */;
			buildPhases = (
				B7D93B3729728DDA0016F7E8 /* Sources */,
				B7D93B3829728DDA0016F7E8 /* Frameworks */,
				B7D93B3929728DDA0016F7E8 /* Resources */,
				B73B2EC5298686E800B81EFD /* ShellScript */,
				B73B2EC6298686FF00B81EFD /* ShellScript */,
			);
			buildRules = (
			);
			dependencies = (
				B73B2EC02986579C00B81EFD /* PBXTargetDependency */,
				B7D93B8429730E4E0016F7E8 /* PBXTargetDependency */,
			);
			name = rhythmScore;
			packageProductDependencies = (
				B7D93B7F29730A120016F7E8 /* RswiftLibrary */,
			);
			productName = rhythmScore;
			productReference = B7D93B3B29728DDA0016F7E8 /* rhythmScore.app */;
			productType = "com.apple.product-type.application";
		};
		B7D93B5329728DDB0016F7E8 /* rhythmScoreTests */ = {
			isa = PBXNativeTarget;
			buildConfigurationList = B7D93B6B29728DDC0016F7E8 /* Build configuration list for PBXNativeTarget "rhythmScoreTests" */;
			buildPhases = (
				B7D93B5029728DDB0016F7E8 /* Sources */,
				B7D93B5129728DDB0016F7E8 /* Frameworks */,
				B7D93B5229728DDB0016F7E8 /* Resources */,
			);
			buildRules = (
			);
			dependencies = (
				B7D93B5629728DDC0016F7E8 /* PBXTargetDependency */,
			);
			name = rhythmScoreTests;
			productName = rhythmScoreTests;
			productReference = B7D93B5429728DDC0016F7E8 /* rhythmScoreTests.xctest */;
			productType = "com.apple.product-type.bundle.unit-test";
		};
		B7D93B5D29728DDC0016F7E8 /* rhythmScoreUITests */ = {
			isa = PBXNativeTarget;
			buildConfigurationList = B7D93B6E29728DDC0016F7E8 /* Build configuration list for PBXNativeTarget "rhythmScoreUITests" */;
			buildPhases = (
				B7D93B5A29728DDC0016F7E8 /* Sources */,
				B7D93B5B29728DDC0016F7E8 /* Frameworks */,
				B7D93B5C29728DDC0016F7E8 /* Resources */,
			);
			buildRules = (
			);
			dependencies = (
				B7D93B6029728DDC0016F7E8 /* PBXTargetDependency */,
			);
			name = rhythmScoreUITests;
			productName = rhythmScoreUITests;
			productReference = B7D93B5E29728DDC0016F7E8 /* rhythmScoreUITests.xctest */;
			productType = "com.apple.product-type.bundle.ui-testing";
		};
/* End PBXNativeTarget section */

/* Begin PBXProject section */
		B7D93B3329728DDA0016F7E8 /* Project object */ = {
			isa = PBXProject;
			attributes = {
				BuildIndependentTargetsInParallel = 1;
				LastSwiftUpdateCheck = 1420;
				LastUpgradeCheck = 1420;
				TargetAttributes = {
					B7D93B3A29728DDA0016F7E8 = {
						CreatedOnToolsVersion = 14.2;
					};
					B7D93B5329728DDB0016F7E8 = {
						CreatedOnToolsVersion = 14.2;
						TestTargetID = B7D93B3A29728DDA0016F7E8;
					};
					B7D93B5D29728DDC0016F7E8 = {
						CreatedOnToolsVersion = 14.2;
						TestTargetID = B7D93B3A29728DDA0016F7E8;
					};
				};
			};
			buildConfigurationList = B7D93B3629728DDA0016F7E8 /* Build configuration list for PBXProject "rhythmScore" */;
			compatibilityVersion = "Xcode 14.0";
			developmentRegion = en;
			hasScannedForEncodings = 0;
			knownRegions = (
				en,
				Base,
			);
			mainGroup = B7D93B3229728DDA0016F7E8;
			packageReferences = (
				B7D93B7E29730A120016F7E8 /* XCRemoteSwiftPackageReference "R" */,
			);
			productRefGroup = B7D93B3C29728DDA0016F7E8 /* Products */;
			projectDirPath = "";
			projectRoot = "";
			targets = (
				B7D93B3A29728DDA0016F7E8 /* rhythmScore */,
				B7D93B5329728DDB0016F7E8 /* rhythmScoreTests */,
				B7D93B5D29728DDC0016F7E8 /* rhythmScoreUITests */,
			);
		};
/* End PBXProject section */

/* Begin PBXResourcesBuildPhase section */
		B7D93B3929728DDA0016F7E8 /* Resources */ = {
			isa = PBXResourcesBuildPhase;
			buildActionMask = 2147483647;
			files = (
				B7D93B4E29728DDB0016F7E8 /* LaunchScreen.storyboard in Resources */,
				B7D93B4B29728DDB0016F7E8 /* Assets.xcassets in Resources */,
				B7D93B4629728DDA0016F7E8 /* GameList.storyboard in Resources */,
				B78C352F297321DF000AEDD2 /* GameListCell.xib in Resources */,
				B73B2EC4298657FF00B81EFD /* Settings.bundle in Resources */,
				B78C3532297ABC9D000AEDD2 /* game.json in Resources */,
			);
			runOnlyForDeploymentPostprocessing = 0;
		};
		B7D93B5229728DDB0016F7E8 /* Resources */ = {
			isa = PBXResourcesBuildPhase;
			buildActionMask = 2147483647;
			files = (
			);
			runOnlyForDeploymentPostprocessing = 0;
		};
		B7D93B5C29728DDC0016F7E8 /* Resources */ = {
			isa = PBXResourcesBuildPhase;
			buildActionMask = 2147483647;
			files = (
			);
			runOnlyForDeploymentPostprocessing = 0;
		};
/* End PBXResourcesBuildPhase section */

/* Begin PBXShellScriptBuildPhase section */
		B73B2EC5298686E800B81EFD /* ShellScript */ = {
			isa = PBXShellScriptBuildPhase;
			buildActionMask = 2147483647;
			files = (
			);
			inputFileListPaths = (
			);
			inputPaths = (
			);
			outputFileListPaths = (
			);
			outputPaths = (
			);
			runOnlyForDeploymentPostprocessing = 0;
			shellPath = /bin/sh;
			shellScript = "cd BuildTools\n\nxcrun --sdk macosx swift build -c release\n";
		};
		B73B2EC6298686FF00B81EFD /* ShellScript */ = {
			isa = PBXShellScriptBuildPhase;
			buildActionMask = 2147483647;
			files = (
			);
			inputFileListPaths = (
			);
			inputPaths = (
			);
			outputFileListPaths = (
			);
			outputPaths = (
			);
			runOnlyForDeploymentPostprocessing = 0;
			shellPath = /bin/sh;
			shellScript = "cd BuildTools\n\nxcrun --sdk macosx swift build -c release \\\n--package-path .build/checkouts/LicensePlist \\\n--product license-plist\n\n.build/checkouts/LicensePlist/.build/release/license-plist --xcodeproj-path $PROJECT_FILE_PATH --package-path Package.swift --output-path $SRCROOT/$TARGET_NAME/SupportingFile/Settings.bundle\n";
		};
/* End PBXShellScriptBuildPhase section */

/* Begin PBXSourcesBuildPhase section */
		B7D93B3729728DDA0016F7E8 /* Sources */ = {
			isa = PBXSourcesBuildPhase;
			buildActionMask = 2147483647;
			files = (
				B73B2EDE2989357B00B81EFD /* rhythmScore.xcdatamodeld in Sources */,
				B73B2EB529861FC200B81EFD /* UIViewController+ex.swift in Sources */,
				B7D93B4329728DDA0016F7E8 /* GameListViewController.swift in Sources */,
				B78C352829731FAB000AEDD2 /* GameListCell.swift in Sources */,
				B73B2EF32989857300B81EFD /* UIColor+ex.swift in Sources */,
				B73B2EF6298EE55900B81EFD /* GameListViewModel.swift in Sources */,
				B7D93B3F29728DDA0016F7E8 /* AppDelegate.swift in Sources */,
				B7D93B722972C3B20016F7E8 /* GameListModel.swift in Sources */,
				B73B2EF02989845200B81EFD /* GameEntity+CoreDataClass.swift in Sources */,
				B7D93B4129728DDA0016F7E8 /* SceneDelegate.swift in Sources */,
				B73B2EE0298939DC00B81EFD /* CoreDataRepogitory.swift in Sources */,
				B73B2EF12989845200B81EFD /* GameEntity+CoreDataProperties.swift in Sources */,
				B7D93B762972CC300016F7E8 /* Constant.swift in Sources */,
			);
			runOnlyForDeploymentPostprocessing = 0;
		};
		B7D93B5029728DDB0016F7E8 /* Sources */ = {
			isa = PBXSourcesBuildPhase;
			buildActionMask = 2147483647;
			files = (
				B7D93B5929728DDC0016F7E8 /* rhythmScoreTests.swift in Sources */,
			);
			runOnlyForDeploymentPostprocessing = 0;
		};
		B7D93B5A29728DDC0016F7E8 /* Sources */ = {
			isa = PBXSourcesBuildPhase;
			buildActionMask = 2147483647;
			files = (
				B7D93B6329728DDC0016F7E8 /* rhythmScoreUITests.swift in Sources */,
				B7D93B6529728DDC0016F7E8 /* rhythmScoreUITestsLaunchTests.swift in Sources */,
			);
			runOnlyForDeploymentPostprocessing = 0;
		};
/* End PBXSourcesBuildPhase section */

/* Begin PBXTargetDependency section */
		B73B2EC02986579C00B81EFD /* PBXTargetDependency */ = {
			isa = PBXTargetDependency;
			productRef = B73B2EBF2986579C00B81EFD /* PrepareLicenseList */;
		};
		B7D93B5629728DDC0016F7E8 /* PBXTargetDependency */ = {
			isa = PBXTargetDependency;
			target = B7D93B3A29728DDA0016F7E8 /* rhythmScore */;
			targetProxy = B7D93B5529728DDC0016F7E8 /* PBXContainerItemProxy */;
		};
		B7D93B6029728DDC0016F7E8 /* PBXTargetDependency */ = {
			isa = PBXTargetDependency;
			target = B7D93B3A29728DDA0016F7E8 /* rhythmScore */;
			targetProxy = B7D93B5F29728DDC0016F7E8 /* PBXContainerItemProxy */;
		};
		B7D93B8429730E4E0016F7E8 /* PBXTargetDependency */ = {
			isa = PBXTargetDependency;
			productRef = B7D93B8329730E4E0016F7E8 /* RswiftGenerateInternalResources */;
		};
/* End PBXTargetDependency section */

/* Begin PBXVariantGroup section */
		B7D93B4429728DDA0016F7E8 /* GameList.storyboard */ = {
			isa = PBXVariantGroup;
			children = (
				B7D93B4529728DDA0016F7E8 /* Base */,
			);
			name = GameList.storyboard;
			sourceTree = "<group>";
		};
		B7D93B4C29728DDB0016F7E8 /* LaunchScreen.storyboard */ = {
			isa = PBXVariantGroup;
			children = (
				B7D93B4D29728DDB0016F7E8 /* Base */,
			);
			name = LaunchScreen.storyboard;
			sourceTree = "<group>";
		};
/* End PBXVariantGroup section */

/* Begin XCBuildConfiguration section */
		B7D93B6629728DDC0016F7E8 /* Debug */ = {
			isa = XCBuildConfiguration;
			buildSettings = {
				ALWAYS_SEARCH_USER_PATHS = NO;
				CLANG_ANALYZER_NONNULL = YES;
				CLANG_ANALYZER_NUMBER_OBJECT_CONVERSION = YES_AGGRESSIVE;
				CLANG_CXX_LANGUAGE_STANDARD = "gnu++20";
				CLANG_ENABLE_MODULES = YES;
				CLANG_ENABLE_OBJC_ARC = YES;
				CLANG_ENABLE_OBJC_WEAK = YES;
				CLANG_WARN_BLOCK_CAPTURE_AUTORELEASING = YES;
				CLANG_WARN_BOOL_CONVERSION = YES;
				CLANG_WARN_COMMA = YES;
				CLANG_WARN_CONSTANT_CONVERSION = YES;
				CLANG_WARN_DEPRECATED_OBJC_IMPLEMENTATIONS = YES;
				CLANG_WARN_DIRECT_OBJC_ISA_USAGE = YES_ERROR;
				CLANG_WARN_DOCUMENTATION_COMMENTS = YES;
				CLANG_WARN_EMPTY_BODY = YES;
				CLANG_WARN_ENUM_CONVERSION = YES;
				CLANG_WARN_INFINITE_RECURSION = YES;
				CLANG_WARN_INT_CONVERSION = YES;
				CLANG_WARN_NON_LITERAL_NULL_CONVERSION = YES;
				CLANG_WARN_OBJC_IMPLICIT_RETAIN_SELF = YES;
				CLANG_WARN_OBJC_LITERAL_CONVERSION = YES;
				CLANG_WARN_OBJC_ROOT_CLASS = YES_ERROR;
				CLANG_WARN_QUOTED_INCLUDE_IN_FRAMEWORK_HEADER = YES;
				CLANG_WARN_RANGE_LOOP_ANALYSIS = YES;
				CLANG_WARN_STRICT_PROTOTYPES = YES;
				CLANG_WARN_SUSPICIOUS_MOVE = YES;
				CLANG_WARN_UNGUARDED_AVAILABILITY = YES_AGGRESSIVE;
				CLANG_WARN_UNREACHABLE_CODE = YES;
				CLANG_WARN__DUPLICATE_METHOD_MATCH = YES;
				COPY_PHASE_STRIP = NO;
				DEBUG_INFORMATION_FORMAT = dwarf;
				ENABLE_STRICT_OBJC_MSGSEND = YES;
				ENABLE_TESTABILITY = YES;
				GCC_C_LANGUAGE_STANDARD = gnu11;
				GCC_DYNAMIC_NO_PIC = NO;
				GCC_NO_COMMON_BLOCKS = YES;
				GCC_OPTIMIZATION_LEVEL = 0;
				GCC_PREPROCESSOR_DEFINITIONS = (
					"DEBUG=1",
					"$(inherited)",
				);
				GCC_WARN_64_TO_32_BIT_CONVERSION = YES;
				GCC_WARN_ABOUT_RETURN_TYPE = YES_ERROR;
				GCC_WARN_UNDECLARED_SELECTOR = YES;
				GCC_WARN_UNINITIALIZED_AUTOS = YES_AGGRESSIVE;
				GCC_WARN_UNUSED_FUNCTION = YES;
				GCC_WARN_UNUSED_VARIABLE = YES;
				IPHONEOS_DEPLOYMENT_TARGET = 16.2;
				MTL_ENABLE_DEBUG_INFO = INCLUDE_SOURCE;
				MTL_FAST_MATH = YES;
				ONLY_ACTIVE_ARCH = YES;
				SDKROOT = iphoneos;
				SWIFT_ACTIVE_COMPILATION_CONDITIONS = DEBUG;
				SWIFT_OPTIMIZATION_LEVEL = "-Onone";
			};
			name = Debug;
		};
		B7D93B6729728DDC0016F7E8 /* Release */ = {
			isa = XCBuildConfiguration;
			buildSettings = {
				ALWAYS_SEARCH_USER_PATHS = NO;
				CLANG_ANALYZER_NONNULL = YES;
				CLANG_ANALYZER_NUMBER_OBJECT_CONVERSION = YES_AGGRESSIVE;
				CLANG_CXX_LANGUAGE_STANDARD = "gnu++20";
				CLANG_ENABLE_MODULES = YES;
				CLANG_ENABLE_OBJC_ARC = YES;
				CLANG_ENABLE_OBJC_WEAK = YES;
				CLANG_WARN_BLOCK_CAPTURE_AUTORELEASING = YES;
				CLANG_WARN_BOOL_CONVERSION = YES;
				CLANG_WARN_COMMA = YES;
				CLANG_WARN_CONSTANT_CONVERSION = YES;
				CLANG_WARN_DEPRECATED_OBJC_IMPLEMENTATIONS = YES;
				CLANG_WARN_DIRECT_OBJC_ISA_USAGE = YES_ERROR;
				CLANG_WARN_DOCUMENTATION_COMMENTS = YES;
				CLANG_WARN_EMPTY_BODY = YES;
				CLANG_WARN_ENUM_CONVERSION = YES;
				CLANG_WARN_INFINITE_RECURSION = YES;
				CLANG_WARN_INT_CONVERSION = YES;
				CLANG_WARN_NON_LITERAL_NULL_CONVERSION = YES;
				CLANG_WARN_OBJC_IMPLICIT_RETAIN_SELF = YES;
				CLANG_WARN_OBJC_LITERAL_CONVERSION = YES;
				CLANG_WARN_OBJC_ROOT_CLASS = YES_ERROR;
				CLANG_WARN_QUOTED_INCLUDE_IN_FRAMEWORK_HEADER = YES;
				CLANG_WARN_RANGE_LOOP_ANALYSIS = YES;
				CLANG_WARN_STRICT_PROTOTYPES = YES;
				CLANG_WARN_SUSPICIOUS_MOVE = YES;
				CLANG_WARN_UNGUARDED_AVAILABILITY = YES_AGGRESSIVE;
				CLANG_WARN_UNREACHABLE_CODE = YES;
				CLANG_WARN__DUPLICATE_METHOD_MATCH = YES;
				COPY_PHASE_STRIP = NO;
				DEBUG_INFORMATION_FORMAT = "dwarf-with-dsym";
				ENABLE_NS_ASSERTIONS = NO;
				ENABLE_STRICT_OBJC_MSGSEND = YES;
				GCC_C_LANGUAGE_STANDARD = gnu11;
				GCC_NO_COMMON_BLOCKS = YES;
				GCC_WARN_64_TO_32_BIT_CONVERSION = YES;
				GCC_WARN_ABOUT_RETURN_TYPE = YES_ERROR;
				GCC_WARN_UNDECLARED_SELECTOR = YES;
				GCC_WARN_UNINITIALIZED_AUTOS = YES_AGGRESSIVE;
				GCC_WARN_UNUSED_FUNCTION = YES;
				GCC_WARN_UNUSED_VARIABLE = YES;
				IPHONEOS_DEPLOYMENT_TARGET = 16.2;
				MTL_ENABLE_DEBUG_INFO = NO;
				MTL_FAST_MATH = YES;
				SDKROOT = iphoneos;
				SWIFT_COMPILATION_MODE = wholemodule;
				SWIFT_OPTIMIZATION_LEVEL = "-O";
				VALIDATE_PRODUCT = YES;
			};
			name = Release;
		};
		B7D93B6929728DDC0016F7E8 /* Debug */ = {
			isa = XCBuildConfiguration;
			buildSettings = {
				ASSETCATALOG_COMPILER_APPICON_NAME = AppIcon;
				ASSETCATALOG_COMPILER_GLOBAL_ACCENT_COLOR_NAME = AccentColor;
				CODE_SIGN_STYLE = Automatic;
				CURRENT_PROJECT_VERSION = 1;
				DEVELOPMENT_TEAM = 3S7EA557V7;
				GENERATE_INFOPLIST_FILE = YES;
				INFOPLIST_FILE = rhythmScore/SupportingFile/Info.plist;
				INFOPLIST_KEY_LSApplicationCategoryType = "public.app-category.utilities";
				INFOPLIST_KEY_UIApplicationSupportsIndirectInputEvents = YES;
				INFOPLIST_KEY_UILaunchStoryboardName = LaunchScreen;
				INFOPLIST_KEY_UIMainStoryboardFile = GameList;
				INFOPLIST_KEY_UISupportedInterfaceOrientations_iPad = "UIInterfaceOrientationPortrait UIInterfaceOrientationPortraitUpsideDown UIInterfaceOrientationLandscapeLeft UIInterfaceOrientationLandscapeRight";
				INFOPLIST_KEY_UISupportedInterfaceOrientations_iPhone = "UIInterfaceOrientationPortrait UIInterfaceOrientationLandscapeLeft UIInterfaceOrientationLandscapeRight";
				LD_RUNPATH_SEARCH_PATHS = (
					"$(inherited)",
					"@executable_path/Frameworks",
				);
				MARKETING_VERSION = 1.0;
				PRODUCT_BUNDLE_IDENTIFIER = com.shsw228.rhythmScore;
				PRODUCT_NAME = "$(TARGET_NAME)";
				SWIFT_EMIT_LOC_STRINGS = YES;
				SWIFT_VERSION = 5.0;
				TARGETED_DEVICE_FAMILY = "1,2";
			};
			name = Debug;
		};
		B7D93B6A29728DDC0016F7E8 /* Release */ = {
			isa = XCBuildConfiguration;
			buildSettings = {
				ASSETCATALOG_COMPILER_APPICON_NAME = AppIcon;
				ASSETCATALOG_COMPILER_GLOBAL_ACCENT_COLOR_NAME = AccentColor;
				CODE_SIGN_STYLE = Automatic;
				CURRENT_PROJECT_VERSION = 1;
				DEVELOPMENT_TEAM = 3S7EA557V7;
				GENERATE_INFOPLIST_FILE = YES;
				INFOPLIST_FILE = rhythmScore/SupportingFile/Info.plist;
				INFOPLIST_KEY_LSApplicationCategoryType = "public.app-category.utilities";
				INFOPLIST_KEY_UIApplicationSupportsIndirectInputEvents = YES;
				INFOPLIST_KEY_UILaunchStoryboardName = LaunchScreen;
				INFOPLIST_KEY_UIMainStoryboardFile = GameList;
				INFOPLIST_KEY_UISupportedInterfaceOrientations_iPad = "UIInterfaceOrientationPortrait UIInterfaceOrientationPortraitUpsideDown UIInterfaceOrientationLandscapeLeft UIInterfaceOrientationLandscapeRight";
				INFOPLIST_KEY_UISupportedInterfaceOrientations_iPhone = "UIInterfaceOrientationPortrait UIInterfaceOrientationLandscapeLeft UIInterfaceOrientationLandscapeRight";
				LD_RUNPATH_SEARCH_PATHS = (
					"$(inherited)",
					"@executable_path/Frameworks",
				);
				MARKETING_VERSION = 1.0;
				PRODUCT_BUNDLE_IDENTIFIER = com.shsw228.rhythmScore;
				PRODUCT_NAME = "$(TARGET_NAME)";
				SWIFT_EMIT_LOC_STRINGS = YES;
				SWIFT_VERSION = 5.0;
				TARGETED_DEVICE_FAMILY = "1,2";
			};
			name = Release;
		};
		B7D93B6C29728DDC0016F7E8 /* Debug */ = {
			isa = XCBuildConfiguration;
			buildSettings = {
				ALWAYS_EMBED_SWIFT_STANDARD_LIBRARIES = YES;
				BUNDLE_LOADER = "$(TEST_HOST)";
				CODE_SIGN_STYLE = Automatic;
				CURRENT_PROJECT_VERSION = 1;
				DEVELOPMENT_TEAM = 3S7EA557V7;
				GENERATE_INFOPLIST_FILE = YES;
				IPHONEOS_DEPLOYMENT_TARGET = 16.2;
				MARKETING_VERSION = 1.0;
				PRODUCT_BUNDLE_IDENTIFIER = com.shsw228.rhythmScoreTests;
				PRODUCT_NAME = "$(TARGET_NAME)";
				SWIFT_EMIT_LOC_STRINGS = NO;
				SWIFT_VERSION = 5.0;
				TARGETED_DEVICE_FAMILY = "1,2";
				TEST_HOST = "$(BUILT_PRODUCTS_DIR)/rhythmScore.app/$(BUNDLE_EXECUTABLE_FOLDER_PATH)/rhythmScore";
			};
			name = Debug;
		};
		B7D93B6D29728DDC0016F7E8 /* Release */ = {
			isa = XCBuildConfiguration;
			buildSettings = {
				ALWAYS_EMBED_SWIFT_STANDARD_LIBRARIES = YES;
				BUNDLE_LOADER = "$(TEST_HOST)";
				CODE_SIGN_STYLE = Automatic;
				CURRENT_PROJECT_VERSION = 1;
				DEVELOPMENT_TEAM = 3S7EA557V7;
				GENERATE_INFOPLIST_FILE = YES;
				IPHONEOS_DEPLOYMENT_TARGET = 16.2;
				MARKETING_VERSION = 1.0;
				PRODUCT_BUNDLE_IDENTIFIER = com.shsw228.rhythmScoreTests;
				PRODUCT_NAME = "$(TARGET_NAME)";
				SWIFT_EMIT_LOC_STRINGS = NO;
				SWIFT_VERSION = 5.0;
				TARGETED_DEVICE_FAMILY = "1,2";
				TEST_HOST = "$(BUILT_PRODUCTS_DIR)/rhythmScore.app/$(BUNDLE_EXECUTABLE_FOLDER_PATH)/rhythmScore";
			};
			name = Release;
		};
		B7D93B6F29728DDC0016F7E8 /* Debug */ = {
			isa = XCBuildConfiguration;
			buildSettings = {
				ALWAYS_EMBED_SWIFT_STANDARD_LIBRARIES = YES;
				CODE_SIGN_STYLE = Automatic;
				CURRENT_PROJECT_VERSION = 1;
				DEVELOPMENT_TEAM = 3S7EA557V7;
				GENERATE_INFOPLIST_FILE = YES;
				MARKETING_VERSION = 1.0;
				PRODUCT_BUNDLE_IDENTIFIER = com.shsw228.rhythmScoreUITests;
				PRODUCT_NAME = "$(TARGET_NAME)";
				SWIFT_EMIT_LOC_STRINGS = NO;
				SWIFT_VERSION = 5.0;
				TARGETED_DEVICE_FAMILY = "1,2";
				TEST_TARGET_NAME = rhythmScore;
			};
			name = Debug;
		};
		B7D93B7029728DDC0016F7E8 /* Release */ = {
			isa = XCBuildConfiguration;
			buildSettings = {
				ALWAYS_EMBED_SWIFT_STANDARD_LIBRARIES = YES;
				CODE_SIGN_STYLE = Automatic;
				CURRENT_PROJECT_VERSION = 1;
				DEVELOPMENT_TEAM = 3S7EA557V7;
				GENERATE_INFOPLIST_FILE = YES;
				MARKETING_VERSION = 1.0;
				PRODUCT_BUNDLE_IDENTIFIER = com.shsw228.rhythmScoreUITests;
				PRODUCT_NAME = "$(TARGET_NAME)";
				SWIFT_EMIT_LOC_STRINGS = NO;
				SWIFT_VERSION = 5.0;
				TARGETED_DEVICE_FAMILY = "1,2";
				TEST_TARGET_NAME = rhythmScore;
			};
			name = Release;
		};
/* End XCBuildConfiguration section */

/* Begin XCConfigurationList section */
		B7D93B3629728DDA0016F7E8 /* Build configuration list for PBXProject "rhythmScore" */ = {
			isa = XCConfigurationList;
			buildConfigurations = (
				B7D93B6629728DDC0016F7E8 /* Debug */,
				B7D93B6729728DDC0016F7E8 /* Release */,
			);
			defaultConfigurationIsVisible = 0;
			defaultConfigurationName = Release;
		};
		B7D93B6829728DDC0016F7E8 /* Build configuration list for PBXNativeTarget "rhythmScore" */ = {
			isa = XCConfigurationList;
			buildConfigurations = (
				B7D93B6929728DDC0016F7E8 /* Debug */,
				B7D93B6A29728DDC0016F7E8 /* Release */,
			);
			defaultConfigurationIsVisible = 0;
			defaultConfigurationName = Release;
		};
		B7D93B6B29728DDC0016F7E8 /* Build configuration list for PBXNativeTarget "rhythmScoreTests" */ = {
			isa = XCConfigurationList;
			buildConfigurations = (
				B7D93B6C29728DDC0016F7E8 /* Debug */,
				B7D93B6D29728DDC0016F7E8 /* Release */,
			);
			defaultConfigurationIsVisible = 0;
			defaultConfigurationName = Release;
		};
		B7D93B6E29728DDC0016F7E8 /* Build configuration list for PBXNativeTarget "rhythmScoreUITests" */ = {
			isa = XCConfigurationList;
			buildConfigurations = (
				B7D93B6F29728DDC0016F7E8 /* Debug */,
				B7D93B7029728DDC0016F7E8 /* Release */,
			);
			defaultConfigurationIsVisible = 0;
			defaultConfigurationName = Release;
		};
/* End XCConfigurationList section */

/* Begin XCRemoteSwiftPackageReference section */
		B73B2EBC2986577800B81EFD /* XCRemoteSwiftPackageReference "LicenseList" */ = {
			isa = XCRemoteSwiftPackageReference;
			repositoryURL = "https://github.com/cybozu/LicenseList";
			requirement = {
				kind = upToNextMajorVersion;
				minimumVersion = 0.2.0;
			};
		};
		B7D93B7E29730A120016F7E8 /* XCRemoteSwiftPackageReference "R" */ = {
			isa = XCRemoteSwiftPackageReference;
			repositoryURL = "https://github.com/mac-cain13/R.swift#xcode-project---spm";
			requirement = {
				kind = upToNextMajorVersion;
				minimumVersion = 7.0.0;
			};
		};
/* End XCRemoteSwiftPackageReference section */

/* Begin XCSwiftPackageProductDependency section */
		B73B2EBF2986579C00B81EFD /* PrepareLicenseList */ = {
			isa = XCSwiftPackageProductDependency;
			package = B73B2EBC2986577800B81EFD /* XCRemoteSwiftPackageReference "LicenseList" */;
			productName = "plugin:PrepareLicenseList";
		};
		B7D93B7F29730A120016F7E8 /* RswiftLibrary */ = {
			isa = XCSwiftPackageProductDependency;
			package = B7D93B7E29730A120016F7E8 /* XCRemoteSwiftPackageReference "R" */;
			productName = RswiftLibrary;
		};
		B7D93B8329730E4E0016F7E8 /* RswiftGenerateInternalResources */ = {
			isa = XCSwiftPackageProductDependency;
			productName = "plugin:RswiftGenerateInternalResources";
		};
/* End XCSwiftPackageProductDependency section */

/* Begin XCVersionGroup section */
		B73B2EDC2989356D00B81EFD /* rhythmScore.xcdatamodeld */ = {
			isa = XCVersionGroup;
			children = (
				B73B2EEA2989836100B81EFD /* 1.0.xcdatamodel */,
				B73B2EDD2989356D00B81EFD /* rhythmScore.xcdatamodel */,
			);
			currentVersion = B73B2EDD2989356D00B81EFD /* rhythmScore.xcdatamodel */;
			path = rhythmScore.xcdatamodeld;
			sourceTree = "<group>";
			versionGroupType = wrapper.xcdatamodel;
		};
/* End XCVersionGroup section */
	};
	rootObject = B7D93B3329728DDA0016F7E8 /* Project object */;
}
